<Solution>
  <Folder Name="/src/">
    <Project Path="src/SshWeave/SshWeave.csproj" />
  </Folder>
  <Folder Name="/tests/">
    <Project Path="tests/SshWeave.Tests/SshWeave.Tests.csproj" />
  </Folder>
  <Folder Name="/docs/">
    <File Path="README.md" />
    <File Path="docs/architecture.md" />
  </Folder>
  <Folder Name="/build/">
    <File Path="Directory.Build.props" />
    <File Path="Directory.Packages.props" />
    <File Path="global.json" />
    <File Path="scripts/publish.ps1" />
  </Folder>
</Solution>
